Microsoft Visual Studio Solution File, Format Version 12.00
# Visual Studio Version 17
VisualStudioVersion = 17.5.2.0
MinimumVisualStudioVersion = 10.0.40219.1
Project("{FAE04EC0-301F-11D3-BF4B-00C04F79EFBC}") = "MeshMqtt", "MeshMqtt.csproj", "{DC1F7374-653A-14FF-E35F-8EA97ED607A0}"
EndProject
Global
	GlobalSection(SolutionConfigurationPlatforms) = preSolution
		Debug|Any CPU = Debug|Any CPU
		Release|Any CPU = Release|Any CPU
	EndGlobalSection
	GlobalSection(ProjectConfigurationPlatforms) = postSolution
		{DC1F7374-653A-14FF-E35F-8EA97ED607A0}.Debug|Any CPU.ActiveCfg = Debug|Any CPU
		{DC1F7374-653A-14FF-E35F-8EA97ED607A0}.Debug|Any CPU.Build.0 = Debug|Any CPU
		{DC1F7374-653A-14FF-E35F-8EA97ED607A0}.Release|Any CPU.ActiveCfg = Release|Any CPU
		{DC1F7374-653A-14FF-E35F-8EA97ED607A0}.Release|Any CPU.Build.0 = Release|Any CPU
	EndGlobalSection
	GlobalSection(SolutionProperties) = preSolution
		HideSolutionNode = FALSE
	EndGlobalSection
	GlobalSection(ExtensibilityGlobals) = postSolution
		SolutionGuid = {6F93EE75-DF49-4964-94B5-57247319B9BA}
	EndGlobalSection
EndGlobal
